
Microsoft Visual Studio Solution File, Format Version 12.00
# Visual Studio Version 17
VisualStudioVersion = 17.1.32210.238
MinimumVisualStudioVersion = 10.0.40219.1
Project("{FAE04EC0-301F-11D3-BF4B-00C04F79EFBC}") = "Programmierübung_stack", "Programmierübung_stack\Programmierübung_stack.csproj", "{570C9557-D7FA-49E3-8425-3CAA04B4ED49}"
EndProject
Global
	GlobalSection(SolutionConfigurationPlatforms) = preSolution
		Debug|Any CPU = Debug|Any CPU
		Release|Any CPU = Release|Any CPU
	EndGlobalSection
	GlobalSection(ProjectConfigurationPlatforms) = postSolution
		{570C9557-D7FA-49E3-8425-3CAA04B4ED49}.Debug|Any CPU.ActiveCfg = Debug|Any CPU
		{570C9557-D7FA-49E3-8425-3CAA04B4ED49}.Debug|Any CPU.Build.0 = Debug|Any CPU
		{570C9557-D7FA-49E3-8425-3CAA04B4ED49}.Release|Any CPU.ActiveCfg = Release|Any CPU
		{570C9557-D7FA-49E3-8425-3CAA04B4ED49}.Release|Any CPU.Build.0 = Release|Any CPU
	EndGlobalSection
	GlobalSection(SolutionProperties) = preSolution
		HideSolutionNode = FALSE
	EndGlobalSection
	GlobalSection(ExtensibilityGlobals) = postSolution
		SolutionGuid = {B38C52DE-7555-4817-A38E-E05E3161E051}
	EndGlobalSection
EndGlobal
